{
  "name": "shimex",
  "version": "0.1.0",
  "lockfileVersion": 3,
  "requires": true,
  "packages": {
    "": {
      "name": "shimex",
      "version": "0.1.0",
      "bin": {
        "shimex": "src/cli/main.js"
      },
      "engines": {
        "node": ">=20.0.0",
        "npm": ">=10.0.0"
      }
    }
  }
}
